
Microsoft Visual Studio Solution File, Format Version 12.00
# Visual Studio 14
VisualStudioVersion = 14.0.25420.1
MinimumVisualStudioVersion = 10.0.40219.1
Project("{FAE04EC0-301F-11D3-BF4B-00C04F79EFBC}") = "mailagent", "mailagent\mailagent.csproj", "{9759E0F3-FFF7-47D5-B595-ED28614B657E}"
EndProject
Project("{FAE04EC0-301F-11D3-BF4B-00C04F79EFBC}") = "OpenPop", "OpenPop\OpenPop.csproj", "{75B3E0DF-61C3-4643-AB47-DBE1CFE3D303}"
EndProject
Global
	GlobalSection(SolutionConfigurationPlatforms) = preSolution
		Debug|Any CPU = Debug|Any CPU
		Release|Any CPU = Release|Any CPU
	EndGlobalSection
	GlobalSection(ProjectConfigurationPlatforms) = postSolution
		{9759E0F3-FFF7-47D5-B595-ED28614B657E}.Debug|Any CPU.ActiveCfg = Debug|Any CPU
		{9759E0F3-FFF7-47D5-B595-ED28614B657E}.Debug|Any CPU.Build.0 = Debug|Any CPU
		{9759E0F3-FFF7-47D5-B595-ED28614B657E}.Release|Any CPU.ActiveCfg = Release|Any CPU
		{9759E0F3-FFF7-47D5-B595-ED28614B657E}.Release|Any CPU.Build.0 = Release|Any CPU
		{75B3E0DF-61C3-4643-AB47-DBE1CFE3D303}.Debug|Any CPU.ActiveCfg = Debug|Any CPU
		{75B3E0DF-61C3-4643-AB47-DBE1CFE3D303}.Debug|Any CPU.Build.0 = Debug|Any CPU
		{75B3E0DF-61C3-4643-AB47-DBE1CFE3D303}.Release|Any CPU.ActiveCfg = Release|Any CPU
		{75B3E0DF-61C3-4643-AB47-DBE1CFE3D303}.Release|Any CPU.Build.0 = Release|Any CPU
	EndGlobalSection
	GlobalSection(SolutionProperties) = preSolution
		HideSolutionNode = FALSE
	EndGlobalSection
EndGlobal
